
Microsoft Visual Studio Solution File, Format Version 12.00
# Visual Studio 15
VisualStudioVersion = 15.0.28307.779
MinimumVisualStudioVersion = 10.0.40219.1
Project("{F184B08F-C81C-45F6-A57F-5ABD9991F28F}") = "MemoryForMacros", "MemoryForMacros\MemoryForMacros.vbproj", "{4CAA40CB-0310-4223-8314-767E0A0F22C7}"
EndProject
Project("{F184B08F-C81C-45F6-A57F-5ABD9991F28F}") = "UnitTestProject1", "UnitTestProject1\UnitTestProject1.vbproj", "{DF7C50FC-5CE2-4715-AAD1-B33284C49DC0}"
EndProject
Global
	GlobalSection(SolutionConfigurationPlatforms) = preSolution
		Debug|Any CPU = Debug|Any CPU
		Release|Any CPU = Release|Any CPU
	EndGlobalSection
	GlobalSection(ProjectConfigurationPlatforms) = postSolution
		{4CAA40CB-0310-4223-8314-767E0A0F22C7}.Debug|Any CPU.ActiveCfg = Debug|Any CPU
		{4CAA40CB-0310-4223-8314-767E0A0F22C7}.Debug|Any CPU.Build.0 = Debug|Any CPU
		{4CAA40CB-0310-4223-8314-767E0A0F22C7}.Release|Any CPU.ActiveCfg = Release|Any CPU
		{4CAA40CB-0310-4223-8314-767E0A0F22C7}.Release|Any CPU.Build.0 = Release|Any CPU
		{DF7C50FC-5CE2-4715-AAD1-B33284C49DC0}.Debug|Any CPU.ActiveCfg = Debug|Any CPU
		{DF7C50FC-5CE2-4715-AAD1-B33284C49DC0}.Debug|Any CPU.Build.0 = Debug|Any CPU
		{DF7C50FC-5CE2-4715-AAD1-B33284C49DC0}.Release|Any CPU.ActiveCfg = Release|Any CPU
		{DF7C50FC-5CE2-4715-AAD1-B33284C49DC0}.Release|Any CPU.Build.0 = Release|Any CPU
	EndGlobalSection
	GlobalSection(SolutionProperties) = preSolution
		HideSolutionNode = FALSE
	EndGlobalSection
	GlobalSection(ExtensibilityGlobals) = postSolution
		SolutionGuid = {DC9E8494-C1D1-417B-819A-2D1B2B9ACC11}
	EndGlobalSection
EndGlobal
