
Microsoft Visual Studio Solution File, Format Version 12.00
# Visual Studio 15
VisualStudioVersion = 15.0.28010.2046
MinimumVisualStudioVersion = 10.0.40219.1
Project("{F184B08F-C81C-45F6-A57F-5ABD9991F28F}") = "ClickByNumbers", "ClickByNumbers.vbproj", "{44302BAA-CB7D-4ED0-A2D4-DE57583C5E4C}"
EndProject
Global
	GlobalSection(Performance) = preSolution
		HasPerformanceSessions = true
	EndGlobalSection
	GlobalSection(SolutionConfigurationPlatforms) = preSolution
		Debug|Any CPU = Debug|Any CPU
		Release|Any CPU = Release|Any CPU
	EndGlobalSection
	GlobalSection(ProjectConfigurationPlatforms) = postSolution
		{44302BAA-CB7D-4ED0-A2D4-DE57583C5E4C}.Debug|Any CPU.ActiveCfg = Debug|Any CPU
		{44302BAA-CB7D-4ED0-A2D4-DE57583C5E4C}.Debug|Any CPU.Build.0 = Debug|Any CPU
		{44302BAA-CB7D-4ED0-A2D4-DE57583C5E4C}.Release|Any CPU.ActiveCfg = Release|Any CPU
		{44302BAA-CB7D-4ED0-A2D4-DE57583C5E4C}.Release|Any CPU.Build.0 = Release|Any CPU
	EndGlobalSection
	GlobalSection(SolutionProperties) = preSolution
		HideSolutionNode = FALSE
	EndGlobalSection
	GlobalSection(ExtensibilityGlobals) = postSolution
		SolutionGuid = {7754B4D0-72CA-4232-AEAF-244D597C2238}
	EndGlobalSection
	GlobalSection(Performance) = preSolution
		HasPerformanceSessions = true
	EndGlobalSection
EndGlobal
